Microsoft Visual Studio Solution File, Format Version 11.00
# Visual Studio 2008

Project("{A0A073C3-2A36-C234-DAD0-E6B52D8D2341}") = "IrishoakImageEffects", "Assembly-CSharp.csproj", "{A45C56DE-D82E-349F-72FD-1E982616D892}"
EndProject
Global
	GlobalSection(SolutionConfigurationPlatforms) = preSolution
		Debug|Any CPU = Debug|Any CPU
		Release|Any CPU = Release|Any CPU
	EndGlobalSection
	GlobalSection(ProjectConfigurationPlatforms) = postSolution
		{A45C56DE-D82E-349F-72FD-1E982616D892}.Debug|Any CPU.ActiveCfg = Debug|Any CPU
		{A45C56DE-D82E-349F-72FD-1E982616D892}.Debug|Any CPU.Build.0 = Debug|Any CPU
		{A45C56DE-D82E-349F-72FD-1E982616D892}.Release|Any CPU.ActiveCfg = Release|Any CPU
		{A45C56DE-D82E-349F-72FD-1E982616D892}.Release|Any CPU.Build.0 = Release|Any CPU
	EndGlobalSection
	GlobalSection(SolutionProperties) = preSolution
		HideSolutionNode = FALSE
	EndGlobalSection
														GlobalSection(MonoDevelopProperties) = preSolution
		StartupItem = Assembly-CSharp.csproj
		Policies = $0
		$0.TextStylePolicy = $1
		$1.inheritsSet = null
		$1.scope = text/x-csharp
		$0.CSharpFormattingPolicy = $2
		$2.inheritsSet = Mono
		$2.inheritsScope = text/x-csharp
		$2.scope = text/x-csharp
		$0.TextStylePolicy = $3
		$3.FileWidth = 120
		$3.TabWidth = 4
		$3.IndentWidth = 4
		$3.EolMarker = Unix
		$3.inheritsSet = Mono
		$3.inheritsScope = text/plain
		$3.scope = text/plain
	EndGlobalSection
EndGlobal
